// !$*UTF8*$!
{
	archiveVersion = 1;
	classes = {
	};
	objectVersion = 50;
	objects = {

/* Begin PBXBuildFile section */
		7441F7562431385E0037F2B4 /* stackoverflow-dark.css in Resources */ = {isa = PBXBuildFile; fileRef = 7441F7552431385E0037F2B4 /* stackoverflow-dark.css */; };
		747570B924293E0500A9A28F /* github-dark.css in Resources */ = {isa = PBXBuildFile; fileRef = 747570B824293E0500A9A28F /* github-dark.css */; };
		747570BB242944A300A9A28F /* google-dark.css in Resources */ = {isa = PBXBuildFile; fileRef = 747570BA242944A300A9A28F /* google-dark.css */; };
		74F0A3352428AA6E00D78800 /* Nightshift.entitlements in Resources */ = {isa = PBXBuildFile; fileRef = 74F0A3342428AA6E00D78800 /* Nightshift.entitlements */; };
		74F0A3372428AA6E00D78800 /* AppDelegate.swift in Sources */ = {isa = PBXBuildFile; fileRef = 74F0A3362428AA6E00D78800 /* AppDelegate.swift */; };
		74F0A33A2428AA6E00D78800 /* Main.storyboard in Resources */ = {isa = PBXBuildFile; fileRef = 74F0A3382428AA6E00D78800 /* Main.storyboard */; };
		74F0A33C2428AA6E00D78800 /* ViewController.swift in Sources */ = {isa = PBXBuildFile; fileRef = 74F0A33B2428AA6E00D78800 /* ViewController.swift */; };
		74F0A33E2428AA7200D78800 /* Assets.xcassets in Resources */ = {isa = PBXBuildFile; fileRef = 74F0A33D2428AA7200D78800 /* Assets.xcassets */; };
		74F0A3452428AA7200D78800 /* Nightshift Extension.appex in Embed App Extensions */ = {isa = PBXBuildFile; fileRef = 74F0A3442428AA7200D78800 /* Nightshift Extension.appex */; settings = {ATTRIBUTES = (RemoveHeadersOnCopy, ); }; };
		74F0A34A2428AA7200D78800 /* Cocoa.framework in Frameworks */ = {isa = PBXBuildFile; fileRef = 74F0A3492428AA7200D78800 /* Cocoa.framework */; };
		74F0A34D2428AA7200D78800 /* SafariExtensionHandler.swift in Sources */ = {isa = PBXBuildFile; fileRef = 74F0A34C2428AA7200D78800 /* SafariExtensionHandler.swift */; };
		74F0A34F2428AA7200D78800 /* SafariExtensionViewController.swift in Sources */ = {isa = PBXBuildFile; fileRef = 74F0A34E2428AA7200D78800 /* SafariExtensionViewController.swift */; };
		74F0A3522428AA7200D78800 /* SafariExtensionViewController.xib in Resources */ = {isa = PBXBuildFile; fileRef = 74F0A3502428AA7200D78800 /* SafariExtensionViewController.xib */; };
		74F0A3552428AA7200D78800 /* script.js in Resources */ = {isa = PBXBuildFile; fileRef = 74F0A3542428AA7200D78800 /* script.js */; };
		74F0A3572428AA7200D78800 /* ToolbarItemIcon.pdf in Resources */ = {isa = PBXBuildFile; fileRef = 74F0A3562428AA7200D78800 /* ToolbarItemIcon.pdf */; };
/* End PBXBuildFile section */

/* Begin PBXContainerItemProxy section */
		74F0A3462428AA7200D78800 /* PBXContainerItemProxy */ = {
			isa = PBXContainerItemProxy;
			containerPortal = 74F0A3292428AA6E00D78800 /* Project object */;
			proxyType = 1;
			remoteGlobalIDString = 74F0A3432428AA7200D78800;
			remoteInfo = "Nightshift Extension";
		};
/* End PBXContainerItemProxy section */

/* Begin PBXCopyFilesBuildPhase section */
		74F0A35E2428AA7200D78800 /* Embed App Extensions */ = {
			isa = PBXCopyFilesBuildPhase;
			buildActionMask = 2147483647;
			dstPath = "";
			dstSubfolderSpec = 13;
			files = (
				74F0A3452428AA7200D78800 /* Nightshift Extension.appex in Embed App Extensions */,
			);
			name = "Embed App Extensions";
			runOnlyForDeploymentPostprocessing = 0;
		};
/* End PBXCopyFilesBuildPhase section */

/* Begin PBXFileReference section */
		7441F7552431385E0037F2B4 /* stackoverflow-dark.css */ = {isa = PBXFileReference; lastKnownFileType = text.css; path = "stackoverflow-dark.css"; sourceTree = "<group>"; };
		747570B824293E0500A9A28F /* github-dark.css */ = {isa = PBXFileReference; lastKnownFileType = text.css; path = "github-dark.css"; sourceTree = "<group>"; };
		747570BA242944A300A9A28F /* google-dark.css */ = {isa = PBXFileReference; lastKnownFileType = text.css; path = "google-dark.css"; sourceTree = "<group>"; };
		74F0A3312428AA6E00D78800 /* Nightshift.app */ = {isa = PBXFileReference; explicitFileType = wrapper.application; includeInIndex = 0; path = Nightshift.app; sourceTree = BUILT_PRODUCTS_DIR; };
		74F0A3342428AA6E00D78800 /* Nightshift.entitlements */ = {isa = PBXFileReference; lastKnownFileType = text.plist.entitlements; path = Nightshift.entitlements; sourceTree = "<group>"; };
		74F0A3362428AA6E00D78800 /* AppDelegate.swift */ = {isa = PBXFileReference; lastKnownFileType = sourcecode.swift; path = AppDelegate.swift; sourceTree = "<group>"; };
		74F0A3392428AA6E00D78800 /* Base */ = {isa = PBXFileReference; lastKnownFileType = file.storyboard; name = Base; path = Base.lproj/Main.storyboard; sourceTree = "<group>"; };
		74F0A33B2428AA6E00D78800 /* ViewController.swift */ = {isa = PBXFileReference; lastKnownFileType = sourcecode.swift; path = ViewController.swift; sourceTree = "<group>"; };
		74F0A33D2428AA7200D78800 /* Assets.xcassets */ = {isa = PBXFileReference; lastKnownFileType = folder.assetcatalog; path = Assets.xcassets; sourceTree = "<group>"; };
		74F0A33F2428AA7200D78800 /* Info.plist */ = {isa = PBXFileReference; lastKnownFileType = text.plist.xml; path = Info.plist; sourceTree = "<group>"; };
		74F0A3442428AA7200D78800 /* Nightshift Extension.appex */ = {isa = PBXFileReference; explicitFileType = "wrapper.app-extension"; includeInIndex = 0; path = "Nightshift Extension.appex"; sourceTree = BUILT_PRODUCTS_DIR; };
		74F0A3492428AA7200D78800 /* Cocoa.framework */ = {isa = PBXFileReference; lastKnownFileType = wrapper.framework; name = Cocoa.framework; path = System/Library/Frameworks/Cocoa.framework; sourceTree = SDKROOT; };
		74F0A34C2428AA7200D78800 /* SafariExtensionHandler.swift */ = {isa = PBXFileReference; lastKnownFileType = sourcecode.swift; path = SafariExtensionHandler.swift; sourceTree = "<group>"; };
		74F0A34E2428AA7200D78800 /* SafariExtensionViewController.swift */ = {isa = PBXFileReference; lastKnownFileType = sourcecode.swift; path = SafariExtensionViewController.swift; sourceTree = "<group>"; };
		74F0A3512428AA7200D78800 /* Base */ = {isa = PBXFileReference; lastKnownFileType = file.xib; name = Base; path = Base.lproj/SafariExtensionViewController.xib; sourceTree = "<group>"; };
		74F0A3532428AA7200D78800 /* Info.plist */ = {isa = PBXFileReference; lastKnownFileType = text.plist.xml; path = Info.plist; sourceTree = "<group>"; };
		74F0A3542428AA7200D78800 /* script.js */ = {isa = PBXFileReference; lastKnownFileType = sourcecode.javascript; path = script.js; sourceTree = "<group>"; };
		74F0A3562428AA7200D78800 /* ToolbarItemIcon.pdf */ = {isa = PBXFileReference; lastKnownFileType = image.pdf; path = ToolbarItemIcon.pdf; sourceTree = "<group>"; };
		74F0A3582428AA7200D78800 /* Nightshift_Extension.entitlements */ = {isa = PBXFileReference; lastKnownFileType = text.plist.entitlements; path = Nightshift_Extension.entitlements; sourceTree = "<group>"; };
/* End PBXFileReference section */

/* Begin PBXFrameworksBuildPhase section */
		74F0A32E2428AA6E00D78800 /* Frameworks */ = {
			isa = PBXFrameworksBuildPhase;
			buildActionMask = 2147483647;
			files = (
			);
			runOnlyForDeploymentPostprocessing = 0;
		};
		74F0A3412428AA7200D78800 /* Frameworks */ = {
			isa = PBXFrameworksBuildPhase;
			buildActionMask = 2147483647;
			files = (
				74F0A34A2428AA7200D78800 /* Cocoa.framework in Frameworks */,
			);
			runOnlyForDeploymentPostprocessing = 0;
		};
/* End PBXFrameworksBuildPhase section */

/* Begin PBXGroup section */
		74F0A3282428AA6E00D78800 = {
			isa = PBXGroup;
			children = (
				74F0A3332428AA6E00D78800 /* Nightshift */,
				74F0A34B2428AA7200D78800 /* Nightshift Extension */,
				74F0A3482428AA7200D78800 /* Frameworks */,
				74F0A3322428AA6E00D78800 /* Products */,
			);
			sourceTree = "<group>";
		};
		74F0A3322428AA6E00D78800 /* Products */ = {
			isa = PBXGroup;
			children = (
				74F0A3312428AA6E00D78800 /* Nightshift.app */,
				74F0A3442428AA7200D78800 /* Nightshift Extension.appex */,
			);
			name = Products;
			sourceTree = "<group>";
		};
		74F0A3332428AA6E00D78800 /* Nightshift */ = {
			isa = PBXGroup;
			children = (
				74F0A3342428AA6E00D78800 /* Nightshift.entitlements */,
				74F0A3362428AA6E00D78800 /* AppDelegate.swift */,
				74F0A3382428AA6E00D78800 /* Main.storyboard */,
				74F0A33B2428AA6E00D78800 /* ViewController.swift */,
				74F0A33D2428AA7200D78800 /* Assets.xcassets */,
				74F0A33F2428AA7200D78800 /* Info.plist */,
			);
			path = Nightshift;
			sourceTree = "<group>";
		};
		74F0A3482428AA7200D78800 /* Frameworks */ = {
			isa = PBXGroup;
			children = (
				74F0A3492428AA7200D78800 /* Cocoa.framework */,
			);
			name = Frameworks;
			sourceTree = "<group>";
		};
		74F0A34B2428AA7200D78800 /* Nightshift Extension */ = {
			isa = PBXGroup;
			children = (
				74F0A34C2428AA7200D78800 /* SafariExtensionHandler.swift */,
				74F0A34E2428AA7200D78800 /* SafariExtensionViewController.swift */,
				74F0A3502428AA7200D78800 /* SafariExtensionViewController.xib */,
				74F0A3532428AA7200D78800 /* Info.plist */,
				74F0A3542428AA7200D78800 /* script.js */,
				74F0A3562428AA7200D78800 /* ToolbarItemIcon.pdf */,
				74F0A3582428AA7200D78800 /* Nightshift_Extension.entitlements */,
				747570B824293E0500A9A28F /* github-dark.css */,
				747570BA242944A300A9A28F /* google-dark.css */,
				7441F7552431385E0037F2B4 /* stackoverflow-dark.css */,
			);
			path = "Nightshift Extension";
			sourceTree = "<group>";
		};
/* End PBXGroup section */

/* Begin PBXNativeTarget section */
		74F0A3302428AA6E00D78800 /* Nightshift */ = {
			isa = PBXNativeTarget;
			buildConfigurationList = 74F0A35F2428AA7200D78800 /* Build configuration list for PBXNativeTarget "Nightshift" */;
			buildPhases = (
				74F0A32D2428AA6E00D78800 /* Sources */,
				74F0A32E2428AA6E00D78800 /* Frameworks */,
				74F0A32F2428AA6E00D78800 /* Resources */,
				74F0A35E2428AA7200D78800 /* Embed App Extensions */,
			);
			buildRules = (
			);
			dependencies = (
				74F0A3472428AA7200D78800 /* PBXTargetDependency */,
			);
			name = Nightshift;
			productName = Nightshift;
			productReference = 74F0A3312428AA6E00D78800 /* Nightshift.app */;
			productType = "com.apple.product-type.application";
		};
		74F0A3432428AA7200D78800 /* Nightshift Extension */ = {
			isa = PBXNativeTarget;
			buildConfigurationList = 74F0A35B2428AA7200D78800 /* Build configuration list for PBXNativeTarget "Nightshift Extension" */;
			buildPhases = (
				74F0A3402428AA7200D78800 /* Sources */,
				74F0A3412428AA7200D78800 /* Frameworks */,
				74F0A3422428AA7200D78800 /* Resources */,
			);
			buildRules = (
			);
			dependencies = (
			);
			name = "Nightshift Extension";
			productName = "Nightshift Extension";
			productReference = 74F0A3442428AA7200D78800 /* Nightshift Extension.appex */;
			productType = "com.apple.product-type.app-extension";
		};
/* End PBXNativeTarget section */

/* Begin PBXProject section */
		74F0A3292428AA6E00D78800 /* Project object */ = {
			isa = PBXProject;
			attributes = {
				LastSwiftUpdateCheck = 1130;
				LastUpgradeCheck = 1130;
				ORGANIZATIONNAME = "Леша Маслаков";
				TargetAttributes = {
					74F0A3302428AA6E00D78800 = {
						CreatedOnToolsVersion = 11.3.1;
					};
					74F0A3432428AA7200D78800 = {
						CreatedOnToolsVersion = 11.3.1;
					};
				};
			};
			buildConfigurationList = 74F0A32C2428AA6E00D78800 /* Build configuration list for PBXProject "Nightshift" */;
			compatibilityVersion = "Xcode 9.3";
			developmentRegion = en;
			hasScannedForEncodings = 0;
			knownRegions = (
				en,
				Base,
			);
			mainGroup = 74F0A3282428AA6E00D78800;
			productRefGroup = 74F0A3322428AA6E00D78800 /* Products */;
			projectDirPath = "";
			projectRoot = "";
			targets = (
				74F0A3302428AA6E00D78800 /* Nightshift */,
				74F0A3432428AA7200D78800 /* Nightshift Extension */,
			);
		};
/* End PBXProject section */

/* Begin PBXResourcesBuildPhase section */
		74F0A32F2428AA6E00D78800 /* Resources */ = {
			isa = PBXResourcesBuildPhase;
			buildActionMask = 2147483647;
			files = (
				74F0A3352428AA6E00D78800 /* Nightshift.entitlements in Resources */,
				74F0A33E2428AA7200D78800 /* Assets.xcassets in Resources */,
				74F0A33A2428AA6E00D78800 /* Main.storyboard in Resources */,
			);
			runOnlyForDeploymentPostprocessing = 0;
		};
		74F0A3422428AA7200D78800 /* Resources */ = {
			isa = PBXResourcesBuildPhase;
			buildActionMask = 2147483647;
			files = (
				74F0A3572428AA7200D78800 /* ToolbarItemIcon.pdf in Resources */,
				747570B924293E0500A9A28F /* github-dark.css in Resources */,
				7441F7562431385E0037F2B4 /* stackoverflow-dark.css in Resources */,
				74F0A3522428AA7200D78800 /* SafariExtensionViewController.xib in Resources */,
				74F0A3552428AA7200D78800 /* script.js in Resources */,
				747570BB242944A300A9A28F /* google-dark.css in Resources */,
			);
			runOnlyForDeploymentPostprocessing = 0;
		};
/* End PBXResourcesBuildPhase section */

/* Begin PBXSourcesBuildPhase section */
		74F0A32D2428AA6E00D78800 /* Sources */ = {
			isa = PBXSourcesBuildPhase;
			buildActionMask = 2147483647;
			files = (
				74F0A33C2428AA6E00D78800 /* ViewController.swift in Sources */,
				74F0A3372428AA6E00D78800 /* AppDelegate.swift in Sources */,
			);
			runOnlyForDeploymentPostprocessing = 0;
		};
		74F0A3402428AA7200D78800 /* Sources */ = {
			isa = PBXSourcesBuildPhase;
			buildActionMask = 2147483647;
			files = (
				74F0A34F2428AA7200D78800 /* SafariExtensionViewController.swift in Sources */,
				74F0A34D2428AA7200D78800 /* SafariExtensionHandler.swift in Sources */,
			);
			runOnlyForDeploymentPostprocessing = 0;
		};
/* End PBXSourcesBuildPhase section */

/* Begin PBXTargetDependency section */
		74F0A3472428AA7200D78800 /* PBXTargetDependency */ = {
			isa = PBXTargetDependency;
			target = 74F0A3432428AA7200D78800 /* Nightshift Extension */;
			targetProxy = 74F0A3462428AA7200D78800 /* PBXContainerItemProxy */;
		};
/* End PBXTargetDependency section */

/* Begin PBXVariantGroup section */
		74F0A3382428AA6E00D78800 /* Main.storyboard */ = {
			isa = PBXVariantGroup;
			children = (
				74F0A3392428AA6E00D78800 /* Base */,
			);
			name = Main.storyboard;
			sourceTree = "<group>";
		};
		74F0A3502428AA7200D78800 /* SafariExtensionViewController.xib */ = {
			isa = PBXVariantGroup;
			children = (
				74F0A3512428AA7200D78800 /* Base */,
			);
			name = SafariExtensionViewController.xib;
			sourceTree = "<group>";
		};
/* End PBXVariantGroup section */

/* Begin XCBuildConfiguration section */
		74F0A3592428AA7200D78800 /* Debug */ = {
			isa = XCBuildConfiguration;
			buildSettings = {
				ALWAYS_SEARCH_USER_PATHS = NO;
				CLANG_ANALYZER_NONNULL = YES;
				CLANG_ANALYZER_NUMBER_OBJECT_CONVERSION = YES_AGGRESSIVE;
				CLANG_CXX_LANGUAGE_STANDARD = "gnu++14";
				CLANG_CXX_LIBRARY = "libc++";
				CLANG_ENABLE_MODULES = YES;
				CLANG_ENABLE_OBJC_ARC = YES;
				CLANG_ENABLE_OBJC_WEAK = YES;
				CLANG_WARN_BLOCK_CAPTURE_AUTORELEASING = YES;
				CLANG_WARN_BOOL_CONVERSION = YES;
				CLANG_WARN_COMMA = YES;
				CLANG_WARN_CONSTANT_CONVERSION = YES;
				CLANG_WARN_DEPRECATED_OBJC_IMPLEMENTATIONS = YES;
				CLANG_WARN_DIRECT_OBJC_ISA_USAGE = YES_ERROR;
				CLANG_WARN_DOCUMENTATION_COMMENTS = YES;
				CLANG_WARN_EMPTY_BODY = YES;
				CLANG_WARN_ENUM_CONVERSION = YES;
				CLANG_WARN_INFINITE_RECURSION = YES;
				CLANG_WARN_INT_CONVERSION = YES;
				CLANG_WARN_NON_LITERAL_NULL_CONVERSION = YES;
				CLANG_WARN_OBJC_IMPLICIT_RETAIN_SELF = YES;
				CLANG_WARN_OBJC_LITERAL_CONVERSION = YES;
				CLANG_WARN_OBJC_ROOT_CLASS = YES_ERROR;
				CLANG_WARN_RANGE_LOOP_ANALYSIS = YES;
				CLANG_WARN_STRICT_PROTOTYPES = YES;
				CLANG_WARN_SUSPICIOUS_MOVE = YES;
				CLANG_WARN_UNGUARDED_AVAILABILITY = YES_AGGRESSIVE;
				CLANG_WARN_UNREACHABLE_CODE = YES;
				CLANG_WARN__DUPLICATE_METHOD_MATCH = YES;
				COPY_PHASE_STRIP = NO;
				DEBUG_INFORMATION_FORMAT = dwarf;
				ENABLE_STRICT_OBJC_MSGSEND = YES;
				ENABLE_TESTABILITY = YES;
				GCC_C_LANGUAGE_STANDARD = gnu11;
				GCC_DYNAMIC_NO_PIC = NO;
				GCC_NO_COMMON_BLOCKS = YES;
				GCC_OPTIMIZATION_LEVEL = 0;
				GCC_PREPROCESSOR_DEFINITIONS = (
					"DEBUG=1",
					"$(inherited)",
				);
				GCC_WARN_64_TO_32_BIT_CONVERSION = YES;
				GCC_WARN_ABOUT_RETURN_TYPE = YES_ERROR;
				GCC_WARN_UNDECLARED_SELECTOR = YES;
				GCC_WARN_UNINITIALIZED_AUTOS = YES_AGGRESSIVE;
				GCC_WARN_UNUSED_FUNCTION = YES;
				GCC_WARN_UNUSED_VARIABLE = YES;
				MACOSX_DEPLOYMENT_TARGET = 10.15;
				MTL_ENABLE_DEBUG_INFO = INCLUDE_SOURCE;
				MTL_FAST_MATH = YES;
				ONLY_ACTIVE_ARCH = YES;
				SDKROOT = macosx;
				SWIFT_ACTIVE_COMPILATION_CONDITIONS = DEBUG;
				SWIFT_OPTIMIZATION_LEVEL = "-Onone";
			};
			name = Debug;
		};
		74F0A35A2428AA7200D78800 /* Release */ = {
			isa = XCBuildConfiguration;
			buildSettings = {
				ALWAYS_SEARCH_USER_PATHS = NO;
				CLANG_ANALYZER_NONNULL = YES;
				CLANG_ANALYZER_NUMBER_OBJECT_CONVERSION = YES_AGGRESSIVE;
				CLANG_CXX_LANGUAGE_STANDARD = "gnu++14";
				CLANG_CXX_LIBRARY = "libc++";
				CLANG_ENABLE_MODULES = YES;
				CLANG_ENABLE_OBJC_ARC = YES;
				CLANG_ENABLE_OBJC_WEAK = YES;
				CLANG_WARN_BLOCK_CAPTURE_AUTORELEASING = YES;
				CLANG_WARN_BOOL_CONVERSION = YES;
				CLANG_WARN_COMMA = YES;
				CLANG_WARN_CONSTANT_CONVERSION = YES;
				CLANG_WARN_DEPRECATED_OBJC_IMPLEMENTATIONS = YES;
				CLANG_WARN_DIRECT_OBJC_ISA_USAGE = YES_ERROR;
				CLANG_WARN_DOCUMENTATION_COMMENTS = YES;
				CLANG_WARN_EMPTY_BODY = YES;
				CLANG_WARN_ENUM_CONVERSION = YES;
				CLANG_WARN_INFINITE_RECURSION = YES;
				CLANG_WARN_INT_CONVERSION = YES;
				CLANG_WARN_NON_LITERAL_NULL_CONVERSION = YES;
				CLANG_WARN_OBJC_IMPLICIT_RETAIN_SELF = YES;
				CLANG_WARN_OBJC_LITERAL_CONVERSION = YES;
				CLANG_WARN_OBJC_ROOT_CLASS = YES_ERROR;
				CLANG_WARN_RANGE_LOOP_ANALYSIS = YES;
				CLANG_WARN_STRICT_PROTOTYPES = YES;
				CLANG_WARN_SUSPICIOUS_MOVE = YES;
				CLANG_WARN_UNGUARDED_AVAILABILITY = YES_AGGRESSIVE;
				CLANG_WARN_UNREACHABLE_CODE = YES;
				CLANG_WARN__DUPLICATE_METHOD_MATCH = YES;
				COPY_PHASE_STRIP = NO;
				DEBUG_INFORMATION_FORMAT = "dwarf-with-dsym";
				ENABLE_NS_ASSERTIONS = NO;
				ENABLE_STRICT_OBJC_MSGSEND = YES;
				GCC_C_LANGUAGE_STANDARD = gnu11;
				GCC_NO_COMMON_BLOCKS = YES;
				GCC_WARN_64_TO_32_BIT_CONVERSION = YES;
				GCC_WARN_ABOUT_RETURN_TYPE = YES_ERROR;
				GCC_WARN_UNDECLARED_SELECTOR = YES;
				GCC_WARN_UNINITIALIZED_AUTOS = YES_AGGRESSIVE;
				GCC_WARN_UNUSED_FUNCTION = YES;
				GCC_WARN_UNUSED_VARIABLE = YES;
				MACOSX_DEPLOYMENT_TARGET = 10.15;
				MTL_ENABLE_DEBUG_INFO = NO;
				MTL_FAST_MATH = YES;
				SDKROOT = macosx;
				SWIFT_COMPILATION_MODE = wholemodule;
				SWIFT_OPTIMIZATION_LEVEL = "-O";
			};
			name = Release;
		};
		74F0A35C2428AA7200D78800 /* Debug */ = {
			isa = XCBuildConfiguration;
			buildSettings = {
				CODE_SIGN_ENTITLEMENTS = "Nightshift Extension/Nightshift_Extension.entitlements";
				CODE_SIGN_STYLE = Automatic;
				DEVELOPMENT_TEAM = ZW2W35KHS5;
				ENABLE_HARDENED_RUNTIME = YES;
				INFOPLIST_FILE = "Nightshift Extension/Info.plist";
				LD_RUNPATH_SEARCH_PATHS = (
					"$(inherited)",
					"@executable_path/../Frameworks",
					"@executable_path/../../../../Frameworks",
				);
				PRODUCT_BUNDLE_IDENTIFIER = "com.fdooch.Nightshift-Extension";
				PRODUCT_NAME = "$(TARGET_NAME)";
				SKIP_INSTALL = YES;
				SWIFT_VERSION = 5.0;
			};
			name = Debug;
		};
		74F0A35D2428AA7200D78800 /* Release */ = {
			isa = XCBuildConfiguration;
			buildSettings = {
				CODE_SIGN_ENTITLEMENTS = "Nightshift Extension/Nightshift_Extension.entitlements";
				CODE_SIGN_STYLE = Automatic;
				DEVELOPMENT_TEAM = ZW2W35KHS5;
				ENABLE_HARDENED_RUNTIME = YES;
				INFOPLIST_FILE = "Nightshift Extension/Info.plist";
				LD_RUNPATH_SEARCH_PATHS = (
					"$(inherited)",
					"@executable_path/../Frameworks",
					"@executable_path/../../../../Frameworks",
				);
				PRODUCT_BUNDLE_IDENTIFIER = "com.fdooch.Nightshift-Extension";
				PRODUCT_NAME = "$(TARGET_NAME)";
				SKIP_INSTALL = YES;
				SWIFT_VERSION = 5.0;
			};
			name = Release;
		};
		74F0A3602428AA7200D78800 /* Debug */ = {
			isa = XCBuildConfiguration;
			buildSettings = {
				ALWAYS_EMBED_SWIFT_STANDARD_LIBRARIES = YES;
				ASSETCATALOG_COMPILER_APPICON_NAME = AppIcon;
				CODE_SIGN_ENTITLEMENTS = Nightshift/Nightshift.entitlements;
				CODE_SIGN_STYLE = Automatic;
				COMBINE_HIDPI_IMAGES = YES;
				DEVELOPMENT_TEAM = ZW2W35KHS5;
				ENABLE_HARDENED_RUNTIME = YES;
				INFOPLIST_FILE = Nightshift/Info.plist;
				LD_RUNPATH_SEARCH_PATHS = (
					"$(inherited)",
					"@executable_path/../Frameworks",
				);
				PRODUCT_BUNDLE_IDENTIFIER = com.fdooch.Nightshift;
				PRODUCT_NAME = "$(TARGET_NAME)";
				SWIFT_VERSION = 5.0;
			};
			name = Debug;
		};
		74F0A3612428AA7200D78800 /* Release */ = {
			isa = XCBuildConfiguration;
			buildSettings = {
				ALWAYS_EMBED_SWIFT_STANDARD_LIBRARIES = YES;
				ASSETCATALOG_COMPILER_APPICON_NAME = AppIcon;
				CODE_SIGN_ENTITLEMENTS = Nightshift/Nightshift.entitlements;
				CODE_SIGN_STYLE = Automatic;
				COMBINE_HIDPI_IMAGES = YES;
				DEVELOPMENT_TEAM = ZW2W35KHS5;
				ENABLE_HARDENED_RUNTIME = YES;
				INFOPLIST_FILE = Nightshift/Info.plist;
				LD_RUNPATH_SEARCH_PATHS = (
					"$(inherited)",
					"@executable_path/../Frameworks",
				);
				PRODUCT_BUNDLE_IDENTIFIER = com.fdooch.Nightshift;
				PRODUCT_NAME = "$(TARGET_NAME)";
				SWIFT_VERSION = 5.0;
			};
			name = Release;
		};
/* End XCBuildConfiguration section */

/* Begin XCConfigurationList section */
		74F0A32C2428AA6E00D78800 /* Build configuration list for PBXProject "Nightshift" */ = {
			isa = XCConfigurationList;
			buildConfigurations = (
				74F0A3592428AA7200D78800 /* Debug */,
				74F0A35A2428AA7200D78800 /* Release */,
			);
			defaultConfigurationIsVisible = 0;
			defaultConfigurationName = Release;
		};
		74F0A35B2428AA7200D78800 /* Build configuration list for PBXNativeTarget "Nightshift Extension" */ = {
			isa = XCConfigurationList;
			buildConfigurations = (
				74F0A35C2428AA7200D78800 /* Debug */,
				74F0A35D2428AA7200D78800 /* Release */,
			);
			defaultConfigurationIsVisible = 0;
			defaultConfigurationName = Release;
		};
		74F0A35F2428AA7200D78800 /* Build configuration list for PBXNativeTarget "Nightshift" */ = {
			isa = XCConfigurationList;
			buildConfigurations = (
				74F0A3602428AA7200D78800 /* Debug */,
				74F0A3612428AA7200D78800 /* Release */,
			);
			defaultConfigurationIsVisible = 0;
			defaultConfigurationName = Release;
		};
/* End XCConfigurationList section */
	};
	rootObject = 74F0A3292428AA6E00D78800 /* Project object */;
}
